
Microsoft Visual Studio Solution File, Format Version 11.00
# Visual Studio 2010
Project("{FAE04EC0-301F-11D3-BF4B-00C04F79EFBC}") = "AnswerApp", "AnswerApp\AnswerApp.csproj", "{9078260A-2B10-46F6-A97A-887E9C5C9EC2}"
EndProject
Project("{FAE04EC0-301F-11D3-BF4B-00C04F79EFBC}") = "AnswerApp.Tests", "AnswerApp.Tests\AnswerApp.Tests.csproj", "{4654B257-CE66-4C16-88AD-14A687ACA5B4}"
EndProject
Global
	GlobalSection(SolutionConfigurationPlatforms) = preSolution
		Debug|Any CPU = Debug|Any CPU
		Release|Any CPU = Release|Any CPU
	EndGlobalSection
	GlobalSection(ProjectConfigurationPlatforms) = postSolution
		{9078260A-2B10-46F6-A97A-887E9C5C9EC2}.Debug|Any CPU.ActiveCfg = Debug|Any CPU
		{9078260A-2B10-46F6-A97A-887E9C5C9EC2}.Debug|Any CPU.Build.0 = Debug|Any CPU
		{9078260A-2B10-46F6-A97A-887E9C5C9EC2}.Release|Any CPU.ActiveCfg = Release|Any CPU
		{9078260A-2B10-46F6-A97A-887E9C5C9EC2}.Release|Any CPU.Build.0 = Release|Any CPU
		{4654B257-CE66-4C16-88AD-14A687ACA5B4}.Debug|Any CPU.ActiveCfg = Debug|Any CPU
		{4654B257-CE66-4C16-88AD-14A687ACA5B4}.Debug|Any CPU.Build.0 = Debug|Any CPU
		{4654B257-CE66-4C16-88AD-14A687ACA5B4}.Release|Any CPU.ActiveCfg = Release|Any CPU
		{4654B257-CE66-4C16-88AD-14A687ACA5B4}.Release|Any CPU.Build.0 = Release|Any CPU
	EndGlobalSection
	GlobalSection(SolutionProperties) = preSolution
		HideSolutionNode = FALSE
	EndGlobalSection
EndGlobal
